<?xml version="1.0" encoding="utf-8"?>
<Project ToolsVersion="4.0" xmlns="http://schemas.microsoft.com/developer/msbuild/2003">
  <ItemGroup>
    <Filter Include="Source Files">
      <UniqueIdentifier>{4FC737F1-C7A5-4376-A066-2A32D752A2FF}</UniqueIdentifier>
      <Extensions>cpp;cxx;c;def</Extensions>
    </Filter>
    <Filter Include="Header Files">
      <UniqueIdentifier>{93995380-89BD-4b04-88EB-625FBE52EBFB}</UniqueIdentifier>
      <Extensions>h</Extensions>
    </Filter>
    <Filter Include="Form Files">
      <UniqueIdentifier>{99349809-55BA-4b9d-BF79-8FDBB0286EB3}</UniqueIdentifier>
      <Extensions>ui</Extensions>
    </Filter>
    <Filter Include="Resource Files">
      <UniqueIdentifier>{D9D6E242-F8AF-46E4-B9FD-80ECBC20BA3E}</UniqueIdentifier>
      <Extensions>qrc;*</Extensions>
      <ParseFiles>false</ParseFiles>
    </Filter>
    <Filter Include="Generated Files">
      <UniqueIdentifier>{71ED8ED8-ACB9-4CE9-BBE1-E00B30144E11}</UniqueIdentifier>
      <Extensions>moc;h;cpp</Extensions>
      <SourceControlFiles>False</SourceControlFiles>
    </Filter>
    <Filter Include="Generated Files\Debug">
      <UniqueIdentifier>{24ffd32f-ff5c-42d6-b560-dca03c88d601}</UniqueIdentifier>
      <Extensions>cpp;moc</Extensions>
      <SourceControlFiles>False</SourceControlFiles>
    </Filter>
    <Filter Include="Generated Files\Release">
      <UniqueIdentifier>{4dc67685-4d88-44b5-8fd0-a84e46c23d24}</UniqueIdentifier>
      <Extensions>cpp;moc</Extensions>
      <SourceControlFiles>False</SourceControlFiles>
    </Filter>
    <Filter Include="Translation Files">
      <UniqueIdentifier>{639EADAA-A684-42e4-A9AD-28FC9BCB8F7C}</UniqueIdentifier>
      <Extensions>ts</Extensions>
      <ParseFiles>false</ParseFiles>
    </Filter>
  </ItemGroup>
  <ItemGroup>
    <ClCompile Include="main.cpp">
      <Filter>Source Files</Filter>
    </ClCompile>
    <ClCompile Include="reviewer.cpp">
      <Filter>Source Files</Filter>
    </ClCompile>
    <ClCompile Include="GeneratedFiles\Debug\moc_reviewer.cpp">
      <Filter>Generated Files\Debug</Filter>
    </ClCompile>
    <ClCompile Include="GeneratedFiles\Release\moc_reviewer.cpp">
      <Filter>Generated Files\Release</Filter>
    </ClCompile>
    <ClCompile Include="GeneratedFiles\qrc_reviewer.cpp">
      <Filter>Generated Files</Filter>
    </ClCompile>
    <ClCompile Include="inc\myQueue.cpp">
      <Filter>Source Files</Filter>
    </ClCompile>
    <ClCompile Include="GeneratedFiles\Debug\moc_detectThread.cpp">
      <Filter>Generated Files\Debug</Filter>
    </ClCompile>
    <ClCompile Include="GeneratedFiles\Release\moc_detectThread.cpp">
      <Filter>Generated Files\Release</Filter>
    </ClCompile>
    <ClCompile Include="detectThread.cpp">
      <Filter>Source Files</Filter>
    </ClCompile>
    <ClCompile Include="inc\CombineResult.cpp">
      <Filter>Source Files</Filter>
    </ClCompile>
    <ClCompile Include="inc\stateTool.cpp">
      <Filter>Source Files</Filter>
    </ClCompile>
    <ClCompile Include="GeneratedFiles\Debug\moc_clogfile.cpp">
      <Filter>Generated Files\Debug</Filter>
    </ClCompile>
    <ClCompile Include="GeneratedFiles\Release\moc_clogfile.cpp">
      <Filter>Generated Files\Release</Filter>
    </ClCompile>
    <ClCompile Include="inc\clogfile.cpp">
      <Filter>Source Files</Filter>
    </ClCompile>
    <ClCompile Include="GeneratedFiles\Debug\moc_widget_title.cpp">
      <Filter>Generated Files\Debug</Filter>
    </ClCompile>
    <ClCompile Include="GeneratedFiles\Release\moc_widget_title.cpp">
      <Filter>Generated Files\Release</Filter>
    </ClCompile>
    <ClCompile Include="widget_title.cpp">
      <Filter>Source Files</Filter>
    </ClCompile>
    <ClCompile Include="inc\pushButton.cpp">
      <Filter>Source Files</Filter>
    </ClCompile>
    <ClCompile Include="GeneratedFiles\Debug\moc_pushButton.cpp">
      <Filter>Generated Files\Debug</Filter>
    </ClCompile>
    <ClCompile Include="GeneratedFiles\Release\moc_pushButton.cpp">
      <Filter>Generated Files\Release</Filter>
    </ClCompile>
    <ClCompile Include="inc\toolButton.cpp">
      <Filter>Source Files</Filter>
    </ClCompile>
    <ClCompile Include="GeneratedFiles\Debug\moc_Widget_CarveSetting.cpp">
      <Filter>Generated Files\Debug</Filter>
    </ClCompile>
    <ClCompile Include="GeneratedFiles\Release\moc_Widget_CarveSetting.cpp">
      <Filter>Generated Files\Release</Filter>
    </ClCompile>
    <ClCompile Include="widget_CarveSetting.cpp">
      <Filter>Source Files</Filter>
    </ClCompile>
    <ClCompile Include="GeneratedFiles\Debug\moc_widget_image.cpp">
      <Filter>Generated Files\Debug</Filter>
    </ClCompile>
    <ClCompile Include="GeneratedFiles\Release\moc_widget_image.cpp">
      <Filter>Generated Files\Release</Filter>
    </ClCompile>
    <ClCompile Include="cmyerrorlist.cpp">
      <Filter>Source Files</Filter>
    </ClCompile>
    <ClCompile Include="widget_image.cpp">
      <Filter>Source Files</Filter>
    </ClCompile>
    <ClCompile Include="GeneratedFiles\Debug\moc_cerrorimagelist.cpp">
      <Filter>Generated Files\Debug</Filter>
    </ClCompile>
    <ClCompile Include="GeneratedFiles\Release\moc_cerrorimagelist.cpp">
      <Filter>Generated Files\Release</Filter>
    </ClCompile>
    <ClCompile Include="GeneratedFiles\Debug\moc_dhbasewidget.cpp">
      <Filter>Generated Files\Debug</Filter>
    </ClCompile>
    <ClCompile Include="GeneratedFiles\Release\moc_dhbasewidget.cpp">
      <Filter>Generated Files\Release</Filter>
    </ClCompile>
    <ClCompile Include="cerrorimagelist.cpp">
      <Filter>Source Files</Filter>
    </ClCompile>
    <ClCompile Include="dhbasewidget.cpp">
      <Filter>Source Files</Filter>
    </ClCompile>
    <ClCompile Include="GeneratedFiles\Debug\moc_mytableview.cpp">
      <Filter>Generated Files\Debug</Filter>
    </ClCompile>
    <ClCompile Include="GeneratedFiles\Release\moc_mytableview.cpp">
      <Filter>Generated Files\Release</Filter>
    </ClCompile>
    <ClCompile Include="mytableview.cpp">
      <Filter>Source Files</Filter>
    </ClCompile>
    <ClCompile Include="GeneratedFiles\Debug\moc_MyImageshowItem.cpp">
      <Filter>Generated Files\Debug</Filter>
    </ClCompile>
    <ClCompile Include="GeneratedFiles\Release\moc_MyImageshowItem.cpp">
      <Filter>Generated Files\Release</Filter>
    </ClCompile>
    <ClCompile Include="MyImageshowItem.cpp">
      <Filter>Source Files</Filter>
    </ClCompile>
    <ClCompile Include="widget_count.cpp">
      <Filter>Source Files</Filter>
    </ClCompile>
    <ClCompile Include="Widget_CountPlot.cpp">
      <Filter>Source Files</Filter>
    </ClCompile>
    <ClCompile Include="GeneratedFiles\Debug\moc_Widget_CountPlot.cpp">
      <Filter>Generated Files\Debug</Filter>
    </ClCompile>
    <ClCompile Include="GeneratedFiles\Release\moc_Widget_CountPlot.cpp">
      <Filter>Generated Files\Release</Filter>
    </ClCompile>
    <ClCompile Include="GeneratedFiles\Debug\moc_widget_count.cpp">
      <Filter>Generated Files\Debug</Filter>
    </ClCompile>
    <ClCompile Include="GeneratedFiles\Release\moc_widget_count.cpp">
      <Filter>Generated Files\Release</Filter>
    </ClCompile>
    <ClCompile Include="countset.cpp">
      <Filter>Source Files</Filter>
    </ClCompile>
    <ClCompile Include="GeneratedFiles\Debug\moc_countset.cpp">
      <Filter>Generated Files\Debug</Filter>
    </ClCompile>
    <ClCompile Include="GeneratedFiles\Release\moc_countset.cpp">
      <Filter>Generated Files\Release</Filter>
    </ClCompile>
    <ClCompile Include="widget_Report.cpp">
      <Filter>Source Files</Filter>
    </ClCompile>
    <ClCompile Include="GeneratedFiles\Debug\moc_widget_Report.cpp">
      <Filter>Generated Files\Debug</Filter>
    </ClCompile>
    <ClCompile Include="GeneratedFiles\Release\moc_widget_Report.cpp">
      <Filter>Generated Files\Release</Filter>
    </ClCompile>
    <ClCompile Include="inc\widget_pie.cpp">
      <Filter>Source Files</Filter>
    </ClCompile>
    <ClCompile Include="GeneratedFiles\Debug\moc_widget_pie.cpp">
      <Filter>Generated Files\Debug</Filter>
    </ClCompile>
    <ClCompile Include="GeneratedFiles\Release\moc_widget_pie.cpp">
      <Filter>Generated Files\Release</Filter>
    </ClCompile>
    <ClCompile Include="inc\pieview.cpp">
      <Filter>Source Files</Filter>
    </ClCompile>
    <ClCompile Include="GeneratedFiles\Debug\moc_pieview.cpp">
      <Filter>Generated Files\Debug</Filter>
    </ClCompile>
    <ClCompile Include="GeneratedFiles\Release\moc_pieview.cpp">
      <Filter>Generated Files\Release</Filter>
    </ClCompile>
    <ClCompile Include="inc\database.cpp">
      <Filter>Source Files</Filter>
    </ClCompile>
    <ClCompile Include="inc\qcustomplot.cpp">
      <Filter>Source Files</Filter>
    </ClCompile>
    <ClCompile Include="GeneratedFiles\Debug\moc_qcustomplot.cpp">
      <Filter>Generated Files\Debug</Filter>
    </ClCompile>
    <ClCompile Include="GeneratedFiles\Release\moc_qcustomplot.cpp">
      <Filter>Generated Files\Release</Filter>
    </ClCompile>
  </ItemGroup>
  <ItemGroup>
    <CustomBuild Include="reviewer.h">
      <Filter>Header Files</Filter>
    </CustomBuild>
    <CustomBuild Include="reviewer.ui">
      <Filter>Form Files</Filter>
    </CustomBuild>
    <CustomBuild Include="reviewer.qrc">
      <Filter>Resource Files</Filter>
    </CustomBuild>
    <CustomBuild Include="detectThread.h">
      <Filter>Header Files</Filter>
    </CustomBuild>
    <CustomBuild Include="inc\clogfile.h">
      <Filter>Header Files</Filter>
    </CustomBuild>
    <CustomBuild Include="widget_title.h">
      <Filter>Header Files</Filter>
    </CustomBuild>
    <CustomBuild Include="inc\pushButton.h">
      <Filter>Header Files</Filter>
    </CustomBuild>
    <CustomBuild Include="Widget_CarveSetting.h">
      <Filter>Header Files</Filter>
    </CustomBuild>
    <CustomBuild Include="widget_image.h">
      <Filter>Header Files</Filter>
    </CustomBuild>
    <CustomBuild Include="cerrorimagelist.h">
      <Filter>Header Files</Filter>
    </CustomBuild>
    <CustomBuild Include="dhbasewidget.h">
      <Filter>Header Files</Filter>
    </CustomBuild>
    <CustomBuild Include="mytableview.h">
      <Filter>Header Files</Filter>
    </CustomBuild>
    <CustomBuild Include="MyImageshowItem.h">
      <Filter>Header Files</Filter>
    </CustomBuild>
    <CustomBuild Include="image_widget.ui">
      <Filter>Form Files</Filter>
    </CustomBuild>
    <CustomBuild Include="Widget_CountPlot.h">
      <Filter>Header Files</Filter>
    </CustomBuild>
    <CustomBuild Include="widget_count.h">
      <Filter>Header Files</Filter>
    </CustomBuild>
    <CustomBuild Include="Widget_CountPlot.ui">
      <Filter>Form Files</Filter>
    </CustomBuild>
    <CustomBuild Include="countset.h">
      <Filter>Header Files</Filter>
    </CustomBuild>
    <CustomBuild Include="countset.ui">
      <Filter>Form Files</Filter>
    </CustomBuild>
    <CustomBuild Include="widget_Report.h">
      <Filter>Header Files</Filter>
    </CustomBuild>
    <CustomBuild Include="inc\widget_pie.h">
      <Filter>Header Files</Filter>
    </CustomBuild>
    <CustomBuild Include="inc\pieview.h">
      <Filter>Header Files</Filter>
    </CustomBuild>
    <CustomBuild Include="Report.ui">
      <Filter>Form Files</Filter>
    </CustomBuild>
    <CustomBuild Include="inc\qcustomplot.h">
      <Filter>Header Files</Filter>
    </CustomBuild>
  </ItemGroup>
  <ItemGroup>
    <ClInclude Include="GeneratedFiles\ui_reviewer.h">
      <Filter>Generated Files</Filter>
    </ClInclude>
    <ClInclude Include="resource.h">
      <Filter>Header Files</Filter>
    </ClInclude>
    <ClInclude Include="inc\myQueue.h">
      <Filter>Header Files</Filter>
    </ClInclude>
    <ClInclude Include="inc\ConfigInfo.h">
      <Filter>Header Files</Filter>
    </ClInclude>
    <ClInclude Include="inc\common.h">
      <Filter>Header Files</Filter>
    </ClInclude>
    <ClInclude Include="inc\CombineResult.h">
      <Filter>Header Files</Filter>
    </ClInclude>
    <ClInclude Include="inc\stateTool.h">
      <Filter>Header Files</Filter>
    </ClInclude>
    <ClInclude Include="inc\toolButton.h">
      <Filter>Header Files</Filter>
    </ClInclude>
    <ClInclude Include="cmyerrorlist.h">
      <Filter>Header Files</Filter>
    </ClInclude>
    <ClInclude Include="GeneratedFiles\ui_image_widget.h">
      <Filter>Generated Files</Filter>
    </ClInclude>
    <ClInclude Include="GeneratedFiles\ui_Widget_CountPlot.h">
      <Filter>Generated Files</Filter>
    </ClInclude>
    <ClInclude Include="GeneratedFiles\ui_countset.h">
      <Filter>Generated Files</Filter>
    </ClInclude>
    <ClInclude Include="inc\database.h">
      <Filter>Header Files</Filter>
    </ClInclude>
    <ClInclude Include="GeneratedFiles\ui_Report.h">
      <Filter>Generated Files</Filter>
    </ClInclude>
  </ItemGroup>
  <ItemGroup>
    <None Include="Reviewer_zh.ts">
      <Filter>Translation Files</Filter>
    </None>
  </ItemGroup>
</Project>